
Microsoft Visual Studio Solution File, Format Version 11.00
# Visual C# Express 2010
Project("{FAE04EC0-301F-11D3-BF4B-00C04F79EFBC}") = "WPFMandelbrot", "WPFMandelbrot\WPFMandelbrot.csproj", "{084DA329-9F66-4C25-B843-6EB70254BAF1}"
EndProject
Project("{FAE04EC0-301F-11D3-BF4B-00C04F79EFBC}") = "WPFMandelbrot.Engine", "WPFMandelbrot.Engine\WPFMandelbrot.Engine.csproj", "{FA53B616-F078-48FD-8C52-786FB03E4944}"
EndProject
Global
	GlobalSection(SolutionConfigurationPlatforms) = preSolution
		Debug|Any CPU = Debug|Any CPU
		Debug|Mixed Platforms = Debug|Mixed Platforms
		Debug|x86 = Debug|x86
		Release|Any CPU = Release|Any CPU
		Release|Mixed Platforms = Release|Mixed Platforms
		Release|x86 = Release|x86
	EndGlobalSection
	GlobalSection(ProjectConfigurationPlatforms) = postSolution
		{084DA329-9F66-4C25-B843-6EB70254BAF1}.Debug|Any CPU.ActiveCfg = Debug|x86
		{084DA329-9F66-4C25-B843-6EB70254BAF1}.Debug|Mixed Platforms.ActiveCfg = Debug|x86
		{084DA329-9F66-4C25-B843-6EB70254BAF1}.Debug|Mixed Platforms.Build.0 = Debug|x86
		{084DA329-9F66-4C25-B843-6EB70254BAF1}.Debug|x86.ActiveCfg = Debug|x86
		{084DA329-9F66-4C25-B843-6EB70254BAF1}.Debug|x86.Build.0 = Debug|x86
		{084DA329-9F66-4C25-B843-6EB70254BAF1}.Release|Any CPU.ActiveCfg = Release|x86
		{084DA329-9F66-4C25-B843-6EB70254BAF1}.Release|Mixed Platforms.ActiveCfg = Release|x86
		{084DA329-9F66-4C25-B843-6EB70254BAF1}.Release|Mixed Platforms.Build.0 = Release|x86
		{084DA329-9F66-4C25-B843-6EB70254BAF1}.Release|x86.ActiveCfg = Release|x86
		{084DA329-9F66-4C25-B843-6EB70254BAF1}.Release|x86.Build.0 = Release|x86
		{FA53B616-F078-48FD-8C52-786FB03E4944}.Debug|Any CPU.ActiveCfg = Debug|Any CPU
		{FA53B616-F078-48FD-8C52-786FB03E4944}.Debug|Any CPU.Build.0 = Debug|Any CPU
		{FA53B616-F078-48FD-8C52-786FB03E4944}.Debug|Mixed Platforms.ActiveCfg = Debug|Any CPU
		{FA53B616-F078-48FD-8C52-786FB03E4944}.Debug|Mixed Platforms.Build.0 = Debug|Any CPU
		{FA53B616-F078-48FD-8C52-786FB03E4944}.Debug|x86.ActiveCfg = Debug|Any CPU
		{FA53B616-F078-48FD-8C52-786FB03E4944}.Release|Any CPU.ActiveCfg = Release|Any CPU
		{FA53B616-F078-48FD-8C52-786FB03E4944}.Release|Any CPU.Build.0 = Release|Any CPU
		{FA53B616-F078-48FD-8C52-786FB03E4944}.Release|Mixed Platforms.ActiveCfg = Release|Any CPU
		{FA53B616-F078-48FD-8C52-786FB03E4944}.Release|Mixed Platforms.Build.0 = Release|Any CPU
		{FA53B616-F078-48FD-8C52-786FB03E4944}.Release|x86.ActiveCfg = Release|Any CPU
	EndGlobalSection
	GlobalSection(SolutionProperties) = preSolution
		HideSolutionNode = FALSE
	EndGlobalSection
EndGlobal
